# This file is autogenerated, do not edit; changes may be undone by the next 'dep ensure'.


[[projects]]
  digest = "1:03f8f40437ef8b7a1c7aed0ab000474245559153639ee44d6d43ec8eb9e24eda"
  name = "github.com/golang/mock"
  packages = ["gomock"]
  pruneopts = ""
  revision = "3a35fb6e3e18b9dbfee291262260dee7372d2a92"
  version = "v1.4.3"

[[projects]]
  digest = "1:4659313061ea46d02b76c94aeb0c11d9973cc45761eccbd50ed70f28e6d43f8f"
  name = "github.com/julienschmidt/httprouter"
  packages = ["."]
  pruneopts = ""
  revision = "4eec211fa4e8df74ed978dc5681612131854144f"
  version = "v1.3.0"

[[projects]]
  branch = "v1.0"
  digest = "1:1e7941efbedaf936d8133a423940203889b388938c592db463a57a029cfa3d7b"
  name = "gopkg.in/paytm/grace.v1"
  packages = ["."]
  pruneopts = ""
  revision = "edb50d497280c882cdc534dd0023997bced63ea7"

[[projects]]
  digest = "1:8143ea52154df4cf52589d780ad447f625978a4c29713200842ccaa7c532350a"
  name = "gopkg.in/tylerb/graceful.v1"
  packages = ["."]
  pruneopts = ""
  revision = "4654dfbb6ad53cb5e27f37d99b02e16c1872fbbb"
  version = "v1.2.15"

[solve-meta]
  analyzer-name = "dep"
  analyzer-version = 1
  input-imports = [
    "github.com/golang/mock/gomock",
    "github.com/julienschmidt/httprouter",
    "gopkg.in/paytm/grace.v1",
  ]
  solver-name = "gps-cdcl"
  solver-version = 1
